
Microsoft Visual Studio Solution File, Format Version 12.00
# Visual Studio Version 16
VisualStudioVersion = 16.0.32929.386
MinimumVisualStudioVersion = 10.0.40219.1
Project("{FAE04EC0-301F-11D3-BF4B-00C04F79EFBC}") = "HurtowniaBazDanych", "HurtowniaBazDanych.csproj", "{978E7959-370A-47B4-A4A1-678E5711613D}"
EndProject
Global
	GlobalSection(SolutionConfigurationPlatforms) = preSolution
		Debug|Any CPU = Debug|Any CPU
		Release|Any CPU = Release|Any CPU
	EndGlobalSection
	GlobalSection(ProjectConfigurationPlatforms) = postSolution
		{978E7959-370A-47B4-A4A1-678E5711613D}.Debug|Any CPU.ActiveCfg = Debug|Any CPU
		{978E7959-370A-47B4-A4A1-678E5711613D}.Debug|Any CPU.Build.0 = Debug|Any CPU
		{978E7959-370A-47B4-A4A1-678E5711613D}.Release|Any CPU.ActiveCfg = Release|Any CPU
		{978E7959-370A-47B4-A4A1-678E5711613D}.Release|Any CPU.Build.0 = Release|Any CPU
	EndGlobalSection
	GlobalSection(SolutionProperties) = preSolution
		HideSolutionNode = FALSE
	EndGlobalSection
	GlobalSection(ExtensibilityGlobals) = postSolution
		SolutionGuid = {7B308116-3E89-495D-8DD5-B62D58854AC2}
	EndGlobalSection
EndGlobal
